
Microsoft Visual Studio Solution File, Format Version 12.00
# Visual Studio Version 16
VisualStudioVersion = 25.0.1700.0
MinimumVisualStudioVersion = 10.0.40219.1
Project("{FAE04EC0-301F-11D3-BF4B-00C04F79EFBC}") = "TodoApp", "TodoApp\TodoApp.csproj", "{FC525C8A-161E-4DE4-8463-94561015459B}"
EndProject
Global
	GlobalSection(SolutionConfigurationPlatforms) = preSolution
		Debug|Any CPU = Debug|Any CPU
		Release|Any CPU = Release|Any CPU
	EndGlobalSection
	GlobalSection(ProjectConfigurationPlatforms) = postSolution
		{FC525C8A-161E-4DE4-8463-94561015459B}.Debug|Any CPU.ActiveCfg = Debug|Any CPU
		{FC525C8A-161E-4DE4-8463-94561015459B}.Debug|Any CPU.Build.0 = Debug|Any CPU
		{FC525C8A-161E-4DE4-8463-94561015459B}.Release|Any CPU.ActiveCfg = Release|Any CPU
		{FC525C8A-161E-4DE4-8463-94561015459B}.Release|Any CPU.Build.0 = Release|Any CPU
	EndGlobalSection
	GlobalSection(SolutionProperties) = preSolution
		HideSolutionNode = FALSE
	EndGlobalSection
	GlobalSection(ExtensibilityGlobals) = postSolution
		SolutionGuid = {23174F51-B19C-46E4-9401-6076AFFF3EB0}
	EndGlobalSection
EndGlobal
